{
  "nodes": {
    "cmake-mode": {
      "flake": false,
      "locked": {
        "dir": "Auxiliary",
        "lastModified": 1656734470,
        "narHash": "sha256-P05twV4q/p3TLlBOwiyYwlgilionP9mb6XDbzl3fCvQ=",
        "owner": "kitware",
        "repo": "cmake",
        "rev": "f1e38ec0a7208836c26c309693c90659e7d0baa7",
        "type": "github"
      },
      "original": {
        "dir": "Auxiliary",
        "owner": "kitware",
        "repo": "cmake",
        "type": "github"
      }
    },
    "doom-emacs": {
      "flake": false,
      "locked": {
        "lastModified": 1656519163,
        "narHash": "sha256-iNg3DnQJB6iIWLBsFGcloFHwwQUgrJeIQeNJHD7nwIo=",
        "owner": "doomemacs",
        "repo": "doomemacs",
        "rev": "c2f8476c8641fcc9a1371d873ed3b5924952a059",
        "type": "github"
      },
      "original": {
        "owner": "doomemacs",
        "ref": "master",
        "repo": "doomemacs",
        "type": "github"
      }
    },
    "doom-private": {
      "flake": false,
      "locked": {
        "lastModified": 1656952142,
        "narHash": "sha256-+KqMjF3+R3QsslsqZKtFlix2UPUon8uznxRB8znLRKc=",
        "owner": "syryuauros",
        "repo": "doom-private",
        "rev": "cf706a9c1c6f5cbafb1e073aa7d7b99889b8643c",
        "type": "github"
      },
      "original": {
        "owner": "syryuauros",
        "repo": "doom-private",
        "type": "github"
      }
    },
    "doom-snippets": {
      "flake": false,
      "locked": {
        "lastModified": 1655900328,
        "narHash": "sha256-fEYwFxW2sdzNK14DrS92OCGy8KDPZKewrHljnE/RlzQ=",
        "owner": "doomemacs",
        "repo": "snippets",
        "rev": "6b2bd5a77c536ed414794ecf71d37a60ebd4663e",
        "type": "github"
      },
      "original": {
        "owner": "doomemacs",
        "repo": "snippets",
        "type": "github"
      }
    },
    "emacs-overlay": {
      "inputs": {
        "flake-utils": "flake-utils",
        "nixpkgs": "nixpkgs"
      },
      "locked": {
        "lastModified": 1656787767,
        "narHash": "sha256-uMMSFTMfdTNOFd0VImM+9LT9V8gFygJx2XbjvuqWKrY=",
        "owner": "nix-community",
        "repo": "emacs-overlay",
        "rev": "bfa98bb7e829b62c915e0652fff75564170e3a22",
        "type": "github"
      },
      "original": {
        "owner": "nix-community",
        "repo": "emacs-overlay",
        "type": "github"
      }
    },
    "emacs-so-long": {
      "flake": false,
      "locked": {
        "lastModified": 1575031854,
        "narHash": "sha256-xIa5zO0ZaToDrec1OFjBK6l39AbA4l/CE4LInVu2hi0=",
        "owner": "hlissner",
        "repo": "emacs-so-long",
        "rev": "ed666b0716f60e8988c455804de24b55919e71ca",
        "type": "github"
      },
      "original": {
        "owner": "hlissner",
        "repo": "emacs-so-long",
        "type": "github"
      }
    },
    "evil-markdown": {
      "flake": false,
      "locked": {
        "lastModified": 1626852210,
        "narHash": "sha256-HBBuZ1VWIn6kwK5CtGIvHM1+9eiNiKPH0GUsyvpUVN8=",
        "owner": "Somelauw",
        "repo": "evil-markdown",
        "rev": "8e6cc68af83914b2fa9fd3a3b8472573dbcef477",
        "type": "github"
      },
      "original": {
        "owner": "Somelauw",
        "repo": "evil-markdown",
        "type": "github"
      }
    },
    "evil-org-mode": {
      "flake": false,
      "locked": {
        "lastModified": 1607203864,
        "narHash": "sha256-JxwqVYDN6OIJEH15MVI6XOZAPtUWUhJQWHyzcrUvrFg=",
        "owner": "hlissner",
        "repo": "evil-org-mode",
        "rev": "a9706da260c45b98601bcd72b1d2c0a24a017700",
        "type": "github"
      },
      "original": {
        "owner": "hlissner",
        "repo": "evil-org-mode",
        "type": "github"
      }
    },
    "evil-plugins": {
      "flake": false,
      "locked": {
        "lastModified": 1428323590,
        "narHash": "sha256-PI1FZaz6pJ47Rk76GYhlXab8IOgCSeOAM+Ya8rlWNg4=",
        "owner": "tarao",
        "repo": "evil-plugins",
        "rev": "d9094d238756300ac4ca1050d6a71d302e120ca1",
        "type": "github"
      },
      "original": {
        "owner": "tarao",
        "repo": "evil-plugins",
        "type": "github"
      }
    },
    "evil-quick-diff": {
      "flake": false,
      "locked": {
        "lastModified": 1575189609,
        "narHash": "sha256-oGzl1ayW9rIuq0haoiFS7RZsS8NFMdEA7K1BSozgnJU=",
        "owner": "rgrinberg",
        "repo": "evil-quick-diff",
        "rev": "69c883720b30a892c63bc89f49d4f0e8b8028908",
        "type": "github"
      },
      "original": {
        "owner": "rgrinberg",
        "repo": "evil-quick-diff",
        "type": "github"
      }
    },
    "explain-pause-mode": {
      "flake": false,
      "locked": {
        "lastModified": 1595842060,
        "narHash": "sha256-++znrjiDSx+cy4okFBBXUBkRFdtnE2x+trkmqjB3Njs=",
        "owner": "lastquestion",
        "repo": "explain-pause-mode",
        "rev": "2356c8c3639cbeeb9751744dbe737267849b4b51",
        "type": "github"
      },
      "original": {
        "owner": "lastquestion",
        "repo": "explain-pause-mode",
        "type": "github"
      }
    },
    "flake-utils": {
      "locked": {
        "lastModified": 1656065134,
        "narHash": "sha256-oc6E6ByIw3oJaIyc67maaFcnjYOz1mMcOtHxbEf9NwQ=",
        "owner": "numtide",
        "repo": "flake-utils",
        "rev": "bee6a7250dd1b01844a2de7e02e4df7d8a0a206c",
        "type": "github"
      },
      "original": {
        "owner": "numtide",
        "repo": "flake-utils",
        "type": "github"
      }
    },
    "flake-utils_2": {
      "locked": {
        "lastModified": 1656065134,
        "narHash": "sha256-oc6E6ByIw3oJaIyc67maaFcnjYOz1mMcOtHxbEf9NwQ=",
        "owner": "numtide",
        "repo": "flake-utils",
        "rev": "bee6a7250dd1b01844a2de7e02e4df7d8a0a206c",
        "type": "github"
      },
      "original": {
        "owner": "numtide",
        "repo": "flake-utils",
        "type": "github"
      }
    },
    "format-all": {
      "flake": false,
      "locked": {
        "lastModified": 1581716637,
        "narHash": "sha256-ul7LCe60W8TIvUmUtZtZRo8489TK9iTPDsLHmzxY57M=",
        "owner": "lassik",
        "repo": "emacs-format-all-the-code",
        "rev": "47d862d40a088ca089c92cd393c6dca4628f87d3",
        "type": "github"
      },
      "original": {
        "owner": "lassik",
        "repo": "emacs-format-all-the-code",
        "rev": "47d862d40a088ca089c92cd393c6dca4628f87d3",
        "type": "github"
      }
    },
    "nix-straight": {
      "flake": false,
      "locked": {
        "lastModified": 1656684255,
        "narHash": "sha256-ZefQiv4Ipu2VkLjs1oyelTLU7kBVJgkcQd+yBpJU0yo=",
        "owner": "nix-community",
        "repo": "nix-straight.el",
        "rev": "fb8dd5c44cde70abd13380766e40af7a63888942",
        "type": "github"
      },
      "original": {
        "owner": "nix-community",
        "repo": "nix-straight.el",
        "type": "github"
      }
    },
    "nixpkgs": {
      "locked": {
        "lastModified": 1645379616,
        "narHash": "sha256-eLzR3MRS9hcNqSWZxP6BP7xiBjgC3/pB5n2Q0lLFe/g=",
        "path": "/nix/store/k9sk9hg9apm8hvixa61fcfsn3fp2wiry-source",
        "rev": "40ef692a55b188b1f5ae3967f3fc7808838c3f1d",
        "type": "path"
      },
      "original": {
        "id": "nixpkgs",
        "type": "indirect"
      }
    },
    "nixpkgs_2": {
      "locked": {
        "lastModified": 1656490020,
        "narHash": "sha256-xonV1ITvAtwtoM58Iaz77mrkkj3NQKvP2QOPYZNiNvs=",
        "owner": "NixOS",
        "repo": "nixpkgs",
        "rev": "23488b5815ef60b3084a874f71fdae2dff52e1f7",
        "type": "github"
      },
      "original": {
        "id": "nixpkgs",
        "ref": "nixpkgs-unstable",
        "type": "indirect"
      }
    },
    "nose": {
      "flake": false,
      "locked": {
        "lastModified": 1400604510,
        "narHash": "sha256-daEi8Kta1oGaDEmUUDDQMahTTPOpvNpDKk22rlr7cB0=",
        "owner": "emacsattic",
        "repo": "nose",
        "rev": "f8528297519eba911696c4e68fa88892de9a7b72",
        "type": "github"
      },
      "original": {
        "owner": "emacsattic",
        "repo": "nose",
        "type": "github"
      }
    },
    "ob-racket": {
      "flake": false,
      "locked": {
        "lastModified": 1584656173,
        "narHash": "sha256-rBUYDDCXb+3D4xTPQo9UocbTPZ32kWV1Uya/1DmZknU=",
        "owner": "xchrishawk",
        "repo": "ob-racket",
        "rev": "83457ec9e1e96a29fd2086ed19432b9d75787673",
        "type": "github"
      },
      "original": {
        "owner": "xchrishawk",
        "repo": "ob-racket",
        "type": "github"
      }
    },
    "org": {
      "flake": false,
      "locked": {
        "lastModified": 1656574173,
        "narHash": "sha256-Qbsa1b/S26ZudQ0XUtV1YB1pVVd7d9ZIo3UFYTQhe5o=",
        "owner": "emacs-straight",
        "repo": "org-mode",
        "rev": "381a2ae4dd439b5f246873ae6630c1e303c35287",
        "type": "github"
      },
      "original": {
        "owner": "emacs-straight",
        "repo": "org-mode",
        "type": "github"
      }
    },
    "org-contrib": {
      "flake": false,
      "locked": {
        "lastModified": 1654411077,
        "narHash": "sha256-ywXAI+s+D701PvuDEQljDmFWrTPymqustSYVyf3NYRk=",
        "ref": "refs/heads/master",
        "rev": "c6aef31ccfc7c4418c3b51e98f7c3bd8e255f5e6",
        "revCount": 2622,
        "type": "git",
        "url": "https://git.sr.ht/~bzg/org-contrib"
      },
      "original": {
        "type": "git",
        "url": "https://git.sr.ht/~bzg/org-contrib"
      }
    },
    "org-yt": {
      "flake": false,
      "locked": {
        "lastModified": 1527381913,
        "narHash": "sha256-dzQ6B7ryzatHCTLyEnRSbWO0VUiX/FHYnpHTs74aVUs=",
        "owner": "TobiasZawada",
        "repo": "org-yt",
        "rev": "40cc1ac76d741055cbefa13860d9f070a7ade001",
        "type": "github"
      },
      "original": {
        "owner": "TobiasZawada",
        "repo": "org-yt",
        "type": "github"
      }
    },
    "php-extras": {
      "flake": false,
      "locked": {
        "lastModified": 1573312690,
        "narHash": "sha256-r4WyVbzvT0ra4Z6JywNBOw5RxOEYd6Qe2IpebHXkj1U=",
        "owner": "arnested",
        "repo": "php-extras",
        "rev": "d410c5af663c30c01d461ac476d1cbfbacb49367",
        "type": "github"
      },
      "original": {
        "owner": "arnested",
        "repo": "php-extras",
        "type": "github"
      }
    },
    "revealjs": {
      "flake": false,
      "locked": {
        "lastModified": 1653993278,
        "narHash": "sha256-X43lsjoLBWmttIKj9Jzut0UP0dZlsue3fYbJ3++ojbU=",
        "owner": "hakimel",
        "repo": "reveal.js",
        "rev": "039972c730690af7a83a5cb832056a7cc8b565d7",
        "type": "github"
      },
      "original": {
        "owner": "hakimel",
        "repo": "reveal.js",
        "type": "github"
      }
    },
    "root": {
      "inputs": {
        "cmake-mode": "cmake-mode",
        "doom-emacs": "doom-emacs",
        "doom-private": "doom-private",
        "doom-snippets": "doom-snippets",
        "emacs-overlay": "emacs-overlay",
        "emacs-so-long": "emacs-so-long",
        "evil-markdown": "evil-markdown",
        "evil-org-mode": "evil-org-mode",
        "evil-plugins": "evil-plugins",
        "evil-quick-diff": "evil-quick-diff",
        "explain-pause-mode": "explain-pause-mode",
        "flake-utils": "flake-utils_2",
        "format-all": "format-all",
        "nix-straight": "nix-straight",
        "nixpkgs": "nixpkgs_2",
        "nose": "nose",
        "ob-racket": "ob-racket",
        "org": "org",
        "org-contrib": "org-contrib",
        "org-yt": "org-yt",
        "php-extras": "php-extras",
        "revealjs": "revealjs",
        "rotate-text": "rotate-text",
        "ts-fold": "ts-fold"
      }
    },
    "rotate-text": {
      "flake": false,
      "locked": {
        "lastModified": 1322962747,
        "narHash": "sha256-SOeOgSlcEIsKhUiYDJv0p+mLUb420s9E2BmvZQvZ0wk=",
        "owner": "debug-ito",
        "repo": "rotate-text.el",
        "rev": "48f193697db996855aee1ad2bc99b38c6646fe76",
        "type": "github"
      },
      "original": {
        "owner": "debug-ito",
        "repo": "rotate-text.el",
        "type": "github"
      }
    },
    "ts-fold": {
      "flake": false,
      "locked": {
        "lastModified": 1655455885,
        "narHash": "sha256-gwbyn1SzqII3doVyI5yEy6ASkBBPGBOZkCGou80+mig=",
        "owner": "jcs-elpa",
        "repo": "ts-fold",
        "rev": "6cfe36ea2f04a44d113bbcada4348b596a307987",
        "type": "github"
      },
      "original": {
        "owner": "jcs-elpa",
        "repo": "ts-fold",
        "type": "github"
      }
    }
  },
  "root": "root",
  "version": 7
}
